
Microsoft Visual Studio Solution File, Format Version 12.00
# Visual Studio Version 16
VisualStudioVersion = 16.0.31410.357
MinimumVisualStudioVersion = 10.0.40219.1
Project("{9A19103F-16F7-4668-BE54-9A1E7A4F7556}") = "KatyshevaExcavator", "KatyshevaExcavator.csproj", "{D63EF1B3-6BAD-4906-8C15-378188300165}"
EndProject
Global
	GlobalSection(SolutionConfigurationPlatforms) = preSolution
		Debug|Any CPU = Debug|Any CPU
		Release|Any CPU = Release|Any CPU
	EndGlobalSection
	GlobalSection(ProjectConfigurationPlatforms) = postSolution
		{D63EF1B3-6BAD-4906-8C15-378188300165}.Debug|Any CPU.ActiveCfg = Debug|Any CPU
		{D63EF1B3-6BAD-4906-8C15-378188300165}.Debug|Any CPU.Build.0 = Debug|Any CPU
		{D63EF1B3-6BAD-4906-8C15-378188300165}.Release|Any CPU.ActiveCfg = Release|Any CPU
		{D63EF1B3-6BAD-4906-8C15-378188300165}.Release|Any CPU.Build.0 = Release|Any CPU
	EndGlobalSection
	GlobalSection(SolutionProperties) = preSolution
		HideSolutionNode = FALSE
	EndGlobalSection
	GlobalSection(ExtensibilityGlobals) = postSolution
		SolutionGuid = {B8180AB9-F63F-4B50-BA79-F6593CF9A206}
	EndGlobalSection
EndGlobal
